// !$*UTF8*$!
{
	archiveVersion = 1;
	classes = {
	};
	objectVersion = 48;
	objects = {

/* Begin PBXBuildFile section */
		CA794D2F20943F80008BB672 /* AppDelegate.swift in Sources */ = {isa = PBXBuildFile; fileRef = CA794D2E20943F80008BB672 /* AppDelegate.swift */; };
		CA794D3120943F80008BB672 /* ViewController.swift in Sources */ = {isa = PBXBuildFile; fileRef = CA794D3020943F80008BB672 /* ViewController.swift */; };
		CA794D3420943F80008BB672 /* Main.storyboard in Resources */ = {isa = PBXBuildFile; fileRef = CA794D3220943F80008BB672 /* Main.storyboard */; };
		CA794D3620943F80008BB672 /* Assets.xcassets in Resources */ = {isa = PBXBuildFile; fileRef = CA794D3520943F80008BB672 /* Assets.xcassets */; };
		CA794D3920943F80008BB672 /* LaunchScreen.storyboard in Resources */ = {isa = PBXBuildFile; fileRef = CA794D3720943F80008BB672 /* LaunchScreen.storyboard */; };
		CA794D41209481B3008BB672 /* NormalYearViewController.swift in Sources */ = {isa = PBXBuildFile; fileRef = CA794D40209481B3008BB672 /* NormalYearViewController.swift */; };
		CA794D432094AA70008BB672 /* RegistrationViewController.swift in Sources */ = {isa = PBXBuildFile; fileRef = CA794D422094AA70008BB672 /* RegistrationViewController.swift */; };
		CA794D462094BCF6008BB672 /* FillingDataViewController.swift in Sources */ = {isa = PBXBuildFile; fileRef = CA794D452094BCF6008BB672 /* FillingDataViewController.swift */; };
/* End PBXBuildFile section */

/* Begin PBXFileReference section */
		CA794D2B20943F80008BB672 /* Lesson 5. Picker.app */ = {isa = PBXFileReference; explicitFileType = wrapper.application; includeInIndex = 0; path = "Lesson 5. Picker.app"; sourceTree = BUILT_PRODUCTS_DIR; };
		CA794D2E20943F80008BB672 /* AppDelegate.swift */ = {isa = PBXFileReference; lastKnownFileType = sourcecode.swift; path = AppDelegate.swift; sourceTree = "<group>"; };
		CA794D3020943F80008BB672 /* ViewController.swift */ = {isa = PBXFileReference; lastKnownFileType = sourcecode.swift; path = ViewController.swift; sourceTree = "<group>"; };
		CA794D3320943F80008BB672 /* Base */ = {isa = PBXFileReference; lastKnownFileType = file.storyboard; name = Base; path = Base.lproj/Main.storyboard; sourceTree = "<group>"; };
		CA794D3520943F80008BB672 /* Assets.xcassets */ = {isa = PBXFileReference; lastKnownFileType = folder.assetcatalog; path = Assets.xcassets; sourceTree = "<group>"; };
		CA794D3820943F80008BB672 /* Base */ = {isa = PBXFileReference; lastKnownFileType = file.storyboard; name = Base; path = Base.lproj/LaunchScreen.storyboard; sourceTree = "<group>"; };
		CA794D3A20943F80008BB672 /* Info.plist */ = {isa = PBXFileReference; lastKnownFileType = text.plist.xml; path = Info.plist; sourceTree = "<group>"; };
		CA794D40209481B3008BB672 /* NormalYearViewController.swift */ = {isa = PBXFileReference; lastKnownFileType = sourcecode.swift; path = NormalYearViewController.swift; sourceTree = "<group>"; };
		CA794D422094AA70008BB672 /* RegistrationViewController.swift */ = {isa = PBXFileReference; lastKnownFileType = sourcecode.swift; path = RegistrationViewController.swift; sourceTree = "<group>"; };
		CA794D452094BCF6008BB672 /* FillingDataViewController.swift */ = {isa = PBXFileReference; lastKnownFileType = sourcecode.swift; path = FillingDataViewController.swift; sourceTree = "<group>"; };
/* End PBXFileReference section */

/* Begin PBXFrameworksBuildPhase section */
		CA794D2820943F80008BB672 /* Frameworks */ = {
			isa = PBXFrameworksBuildPhase;
			buildActionMask = 2147483647;
			files = (
			);
			runOnlyForDeploymentPostprocessing = 0;
		};
/* End PBXFrameworksBuildPhase section */

/* Begin PBXGroup section */
		CA794D2220943F80008BB672 = {
			isa = PBXGroup;
			children = (
				CA794D2D20943F80008BB672 /* Lesson 5. Picker */,
				CA794D2C20943F80008BB672 /* Products */,
			);
			sourceTree = "<group>";
		};
		CA794D2C20943F80008BB672 /* Products */ = {
			isa = PBXGroup;
			children = (
				CA794D2B20943F80008BB672 /* Lesson 5. Picker.app */,
			);
			name = Products;
			sourceTree = "<group>";
		};
		CA794D2D20943F80008BB672 /* Lesson 5. Picker */ = {
			isa = PBXGroup;
			children = (
				CA794D2E20943F80008BB672 /* AppDelegate.swift */,
				CA794D442094AA84008BB672 /* VC */,
				CA794D3220943F80008BB672 /* Main.storyboard */,
				CA794D3520943F80008BB672 /* Assets.xcassets */,
				CA794D3720943F80008BB672 /* LaunchScreen.storyboard */,
				CA794D3A20943F80008BB672 /* Info.plist */,
			);
			path = "Lesson 5. Picker";
			sourceTree = "<group>";
		};
		CA794D442094AA84008BB672 /* VC */ = {
			isa = PBXGroup;
			children = (
				CA794D3020943F80008BB672 /* ViewController.swift */,
				CA794D422094AA70008BB672 /* RegistrationViewController.swift */,
				CA794D452094BCF6008BB672 /* FillingDataViewController.swift */,
				CA794D40209481B3008BB672 /* NormalYearViewController.swift */,
			);
			path = VC;
			sourceTree = "<group>";
		};
/* End PBXGroup section */

/* Begin PBXNativeTarget section */
		CA794D2A20943F80008BB672 /* Lesson 5. Picker */ = {
			isa = PBXNativeTarget;
			buildConfigurationList = CA794D3D20943F80008BB672 /* Build configuration list for PBXNativeTarget "Lesson 5. Picker" */;
			buildPhases = (
				CA794D2720943F80008BB672 /* Sources */,
				CA794D2820943F80008BB672 /* Frameworks */,
				CA794D2920943F80008BB672 /* Resources */,
			);
			buildRules = (
			);
			dependencies = (
			);
			name = "Lesson 5. Picker";
			productName = "Lesson 5. Picker";
			productReference = CA794D2B20943F80008BB672 /* Lesson 5. Picker.app */;
			productType = "com.apple.product-type.application";
		};
/* End PBXNativeTarget section */

/* Begin PBXProject section */
		CA794D2320943F80008BB672 /* Project object */ = {
			isa = PBXProject;
			attributes = {
				LastSwiftUpdateCheck = 0920;
				LastUpgradeCheck = 0940;
				ORGANIZATIONNAME = "Anton Rubenchik";
				TargetAttributes = {
					CA794D2A20943F80008BB672 = {
						CreatedOnToolsVersion = 9.2;
						ProvisioningStyle = Automatic;
					};
				};
			};
			buildConfigurationList = CA794D2620943F80008BB672 /* Build configuration list for PBXProject "Lesson 5. Picker" */;
			compatibilityVersion = "Xcode 8.0";
			developmentRegion = en;
			hasScannedForEncodings = 0;
			knownRegions = (
				en,
				Base,
			);
			mainGroup = CA794D2220943F80008BB672;
			productRefGroup = CA794D2C20943F80008BB672 /* Products */;
			projectDirPath = "";
			projectRoot = "";
			targets = (
				CA794D2A20943F80008BB672 /* Lesson 5. Picker */,
			);
		};
/* End PBXProject section */

/* Begin PBXResourcesBuildPhase section */
		CA794D2920943F80008BB672 /* Resources */ = {
			isa = PBXResourcesBuildPhase;
			buildActionMask = 2147483647;
			files = (
				CA794D3920943F80008BB672 /* LaunchScreen.storyboard in Resources */,
				CA794D3620943F80008BB672 /* Assets.xcassets in Resources */,
				CA794D3420943F80008BB672 /* Main.storyboard in Resources */,
			);
			runOnlyForDeploymentPostprocessing = 0;
		};
/* End PBXResourcesBuildPhase section */

/* Begin PBXSourcesBuildPhase section */
		CA794D2720943F80008BB672 /* Sources */ = {
			isa = PBXSourcesBuildPhase;
			buildActionMask = 2147483647;
			files = (
				CA794D3120943F80008BB672 /* ViewController.swift in Sources */,
				CA794D41209481B3008BB672 /* NormalYearViewController.swift in Sources */,
				CA794D462094BCF6008BB672 /* FillingDataViewController.swift in Sources */,
				CA794D432094AA70008BB672 /* RegistrationViewController.swift in Sources */,
				CA794D2F20943F80008BB672 /* AppDelegate.swift in Sources */,
			);
			runOnlyForDeploymentPostprocessing = 0;
		};
/* End PBXSourcesBuildPhase section */

/* Begin PBXVariantGroup section */
		CA794D3220943F80008BB672 /* Main.storyboard */ = {
			isa = PBXVariantGroup;
			children = (
				CA794D3320943F80008BB672 /* Base */,
			);
			name = Main.storyboard;
			sourceTree = "<group>";
		};
		CA794D3720943F80008BB672 /* LaunchScreen.storyboard */ = {
			isa = PBXVariantGroup;
			children = (
				CA794D3820943F80008BB672 /* Base */,
			);
			name = LaunchScreen.storyboard;
			sourceTree = "<group>";
		};
/* End PBXVariantGroup section */

/* Begin XCBuildConfiguration section */
		CA794D3B20943F80008BB672 /* Debug */ = {
			isa = XCBuildConfiguration;
			buildSettings = {
				ALWAYS_SEARCH_USER_PATHS = NO;
				CLANG_ANALYZER_NONNULL = YES;
				CLANG_ANALYZER_NUMBER_OBJECT_CONVERSION = YES_AGGRESSIVE;
				CLANG_CXX_LANGUAGE_STANDARD = "gnu++14";
				CLANG_CXX_LIBRARY = "libc++";
				CLANG_ENABLE_MODULES = YES;
				CLANG_ENABLE_OBJC_ARC = YES;
				CLANG_WARN_BLOCK_CAPTURE_AUTORELEASING = YES;
				CLANG_WARN_BOOL_CONVERSION = YES;
				CLANG_WARN_COMMA = YES;
				CLANG_WARN_CONSTANT_CONVERSION = YES;
				CLANG_WARN_DEPRECATED_OBJC_IMPLEMENTATIONS = YES;
				CLANG_WARN_DIRECT_OBJC_ISA_USAGE = YES_ERROR;
				CLANG_WARN_DOCUMENTATION_COMMENTS = YES;
				CLANG_WARN_EMPTY_BODY = YES;
				CLANG_WARN_ENUM_CONVERSION = YES;
				CLANG_WARN_INFINITE_RECURSION = YES;
				CLANG_WARN_INT_CONVERSION = YES;
				CLANG_WARN_NON_LITERAL_NULL_CONVERSION = YES;
				CLANG_WARN_OBJC_IMPLICIT_RETAIN_SELF = YES;
				CLANG_WARN_OBJC_LITERAL_CONVERSION = YES;
				CLANG_WARN_OBJC_ROOT_CLASS = YES_ERROR;
				CLANG_WARN_RANGE_LOOP_ANALYSIS = YES;
				CLANG_WARN_STRICT_PROTOTYPES = YES;
				CLANG_WARN_SUSPICIOUS_MOVE = YES;
				CLANG_WARN_UNGUARDED_AVAILABILITY = YES_AGGRESSIVE;
				CLANG_WARN_UNREACHABLE_CODE = YES;
				CLANG_WARN__DUPLICATE_METHOD_MATCH = YES;
				CODE_SIGN_IDENTITY = "iPhone Developer";
				COPY_PHASE_STRIP = NO;
				DEBUG_INFORMATION_FORMAT = dwarf;
				ENABLE_STRICT_OBJC_MSGSEND = YES;
				ENABLE_TESTABILITY = YES;
				GCC_C_LANGUAGE_STANDARD = gnu11;
				GCC_DYNAMIC_NO_PIC = NO;
				GCC_NO_COMMON_BLOCKS = YES;
				GCC_OPTIMIZATION_LEVEL = 0;
				GCC_PREPROCESSOR_DEFINITIONS = (
					"DEBUG=1",
					"$(inherited)",
				);
				GCC_WARN_64_TO_32_BIT_CONVERSION = YES;
				GCC_WARN_ABOUT_RETURN_TYPE = YES_ERROR;
				GCC_WARN_UNDECLARED_SELECTOR = YES;
				GCC_WARN_UNINITIALIZED_AUTOS = YES_AGGRESSIVE;
				GCC_WARN_UNUSED_FUNCTION = YES;
				GCC_WARN_UNUSED_VARIABLE = YES;
				IPHONEOS_DEPLOYMENT_TARGET = 11.4;
				MTL_ENABLE_DEBUG_INFO = YES;
				ONLY_ACTIVE_ARCH = YES;
				SDKROOT = iphoneos;
				SWIFT_ACTIVE_COMPILATION_CONDITIONS = DEBUG;
				SWIFT_OPTIMIZATION_LEVEL = "-Onone";
			};
			name = Debug;
		};
		CA794D3C20943F80008BB672 /* Release */ = {
			isa = XCBuildConfiguration;
			buildSettings = {
				ALWAYS_SEARCH_USER_PATHS = NO;
				CLANG_ANALYZER_NONNULL = YES;
				CLANG_ANALYZER_NUMBER_OBJECT_CONVERSION = YES_AGGRESSIVE;
				CLANG_CXX_LANGUAGE_STANDARD = "gnu++14";
				CLANG_CXX_LIBRARY = "libc++";
				CLANG_ENABLE_MODULES = YES;
				CLANG_ENABLE_OBJC_ARC = YES;
				CLANG_WARN_BLOCK_CAPTURE_AUTORELEASING = YES;
				CLANG_WARN_BOOL_CONVERSION = YES;
				CLANG_WARN_COMMA = YES;
				CLANG_WARN_CONSTANT_CONVERSION = YES;
				CLANG_WARN_DEPRECATED_OBJC_IMPLEMENTATIONS = YES;
				CLANG_WARN_DIRECT_OBJC_ISA_USAGE = YES_ERROR;
				CLANG_WARN_DOCUMENTATION_COMMENTS = YES;
				CLANG_WARN_EMPTY_BODY = YES;
				CLANG_WARN_ENUM_CONVERSION = YES;
				CLANG_WARN_INFINITE_RECURSION = YES;
				CLANG_WARN_INT_CONVERSION = YES;
				CLANG_WARN_NON_LITERAL_NULL_CONVERSION = YES;
				CLANG_WARN_OBJC_IMPLICIT_RETAIN_SELF = YES;
				CLANG_WARN_OBJC_LITERAL_CONVERSION = YES;
				CLANG_WARN_OBJC_ROOT_CLASS = YES_ERROR;
				CLANG_WARN_RANGE_LOOP_ANALYSIS = YES;
				CLANG_WARN_STRICT_PROTOTYPES = YES;
				CLANG_WARN_SUSPICIOUS_MOVE = YES;
				CLANG_WARN_UNGUARDED_AVAILABILITY = YES_AGGRESSIVE;
				CLANG_WARN_UNREACHABLE_CODE = YES;
				CLANG_WARN__DUPLICATE_METHOD_MATCH = YES;
				CODE_SIGN_IDENTITY = "iPhone Developer";
				COPY_PHASE_STRIP = NO;
				DEBUG_INFORMATION_FORMAT = "dwarf-with-dsym";
				ENABLE_NS_ASSERTIONS = NO;
				ENABLE_STRICT_OBJC_MSGSEND = YES;
				GCC_C_LANGUAGE_STANDARD = gnu11;
				GCC_NO_COMMON_BLOCKS = YES;
				GCC_WARN_64_TO_32_BIT_CONVERSION = YES;
				GCC_WARN_ABOUT_RETURN_TYPE = YES_ERROR;
				GCC_WARN_UNDECLARED_SELECTOR = YES;
				GCC_WARN_UNINITIALIZED_AUTOS = YES_AGGRESSIVE;
				GCC_WARN_UNUSED_FUNCTION = YES;
				GCC_WARN_UNUSED_VARIABLE = YES;
				IPHONEOS_DEPLOYMENT_TARGET = 11.4;
				MTL_ENABLE_DEBUG_INFO = NO;
				SDKROOT = iphoneos;
				SWIFT_OPTIMIZATION_LEVEL = "-Owholemodule";
				VALIDATE_PRODUCT = YES;
			};
			name = Release;
		};
		CA794D3E20943F80008BB672 /* Debug */ = {
			isa = XCBuildConfiguration;
			buildSettings = {
				ASSETCATALOG_COMPILER_APPICON_NAME = AppIcon;
				CODE_SIGN_STYLE = Automatic;
				DEVELOPMENT_TEAM = L3BD88N55V;
				INFOPLIST_FILE = "Lesson 5. Picker/Info.plist";
				LD_RUNPATH_SEARCH_PATHS = "$(inherited) @executable_path/Frameworks";
				PRODUCT_BUNDLE_IDENTIFIER = "com.rubenchick.Lesson-5--Picker";
				PRODUCT_NAME = "$(TARGET_NAME)";
				SWIFT_VERSION = 4.0;
				TARGETED_DEVICE_FAMILY = "1,2";
			};
			name = Debug;
		};
		CA794D3F20943F80008BB672 /* Release */ = {
			isa = XCBuildConfiguration;
			buildSettings = {
				ASSETCATALOG_COMPILER_APPICON_NAME = AppIcon;
				CODE_SIGN_STYLE = Automatic;
				DEVELOPMENT_TEAM = L3BD88N55V;
				INFOPLIST_FILE = "Lesson 5. Picker/Info.plist";
				LD_RUNPATH_SEARCH_PATHS = "$(inherited) @executable_path/Frameworks";
				PRODUCT_BUNDLE_IDENTIFIER = "com.rubenchick.Lesson-5--Picker";
				PRODUCT_NAME = "$(TARGET_NAME)";
				SWIFT_VERSION = 4.0;
				TARGETED_DEVICE_FAMILY = "1,2";
			};
			name = Release;
		};
/* End XCBuildConfiguration section */

/* Begin XCConfigurationList section */
		CA794D2620943F80008BB672 /* Build configuration list for PBXProject "Lesson 5. Picker" */ = {
			isa = XCConfigurationList;
			buildConfigurations = (
				CA794D3B20943F80008BB672 /* Debug */,
				CA794D3C20943F80008BB672 /* Release */,
			);
			defaultConfigurationIsVisible = 0;
			defaultConfigurationName = Release;
		};
		CA794D3D20943F80008BB672 /* Build configuration list for PBXNativeTarget "Lesson 5. Picker" */ = {
			isa = XCConfigurationList;
			buildConfigurations = (
				CA794D3E20943F80008BB672 /* Debug */,
				CA794D3F20943F80008BB672 /* Release */,
			);
			defaultConfigurationIsVisible = 0;
			defaultConfigurationName = Release;
		};
/* End XCConfigurationList section */
	};
	rootObject = CA794D2320943F80008BB672 /* Project object */;
}
