// !$*UTF8*$!
{
	archiveVersion = 1;
	classes = {
	};
	objectVersion = 50;
	objects = {

/* Begin PBXBuildFile section */
		CA6CEE1E20FB8B3100C4374F /* AppDelegate.swift in Sources */ = {isa = PBXBuildFile; fileRef = CA6CEE1D20FB8B3100C4374F /* AppDelegate.swift */; };
		CA6CEE2020FB8B3100C4374F /* ViewController.swift in Sources */ = {isa = PBXBuildFile; fileRef = CA6CEE1F20FB8B3100C4374F /* ViewController.swift */; };
		CA6CEE2320FB8B3100C4374F /* Main.storyboard in Resources */ = {isa = PBXBuildFile; fileRef = CA6CEE2120FB8B3100C4374F /* Main.storyboard */; };
		CA6CEE2520FB8B3400C4374F /* Assets.xcassets in Resources */ = {isa = PBXBuildFile; fileRef = CA6CEE2420FB8B3400C4374F /* Assets.xcassets */; };
		CA6CEE2820FB8B3400C4374F /* LaunchScreen.storyboard in Resources */ = {isa = PBXBuildFile; fileRef = CA6CEE2620FB8B3400C4374F /* LaunchScreen.storyboard */; };
		CA6CEE3020FB8F0400C4374F /* ScalaView.swift in Sources */ = {isa = PBXBuildFile; fileRef = CA6CEE2F20FB8F0400C4374F /* ScalaView.swift */; };
		CA6CEE6220FBC80200C4374F /* scale120.png in Resources */ = {isa = PBXBuildFile; fileRef = CA6CEE6020FBC80200C4374F /* scale120.png */; };
		CA6CEE6320FBC80200C4374F /* scale180.png in Resources */ = {isa = PBXBuildFile; fileRef = CA6CEE6120FBC80200C4374F /* scale180.png */; };
		CA6CEE6620FBC91A00C4374F /* scale152.png in Resources */ = {isa = PBXBuildFile; fileRef = CA6CEE6420FBC91A00C4374F /* scale152.png */; };
		CA6CEE6720FBC91A00C4374F /* scale167.png in Resources */ = {isa = PBXBuildFile; fileRef = CA6CEE6520FBC91A00C4374F /* scale167.png */; };
		CA6CEE6D20FBC92200C4374F /* scale80.png in Resources */ = {isa = PBXBuildFile; fileRef = CA6CEE6820FBC92100C4374F /* scale80.png */; };
		CA6CEE6E20FBC92200C4374F /* scale87.png in Resources */ = {isa = PBXBuildFile; fileRef = CA6CEE6920FBC92100C4374F /* scale87.png */; };
		CA6CEE6F20FBC92200C4374F /* scale76.png in Resources */ = {isa = PBXBuildFile; fileRef = CA6CEE6A20FBC92100C4374F /* scale76.png */; };
		CA6CEE7020FBC92200C4374F /* scale40.png in Resources */ = {isa = PBXBuildFile; fileRef = CA6CEE6B20FBC92100C4374F /* scale40.png */; };
		CA6CEE7120FBC92200C4374F /* scale58.png in Resources */ = {isa = PBXBuildFile; fileRef = CA6CEE6C20FBC92200C4374F /* scale58.png */; };
/* End PBXBuildFile section */

/* Begin PBXFileReference section */
		CA6CEE1A20FB8B3100C4374F /* Libra.app */ = {isa = PBXFileReference; explicitFileType = wrapper.application; includeInIndex = 0; path = Libra.app; sourceTree = BUILT_PRODUCTS_DIR; };
		CA6CEE1D20FB8B3100C4374F /* AppDelegate.swift */ = {isa = PBXFileReference; lastKnownFileType = sourcecode.swift; path = AppDelegate.swift; sourceTree = "<group>"; };
		CA6CEE1F20FB8B3100C4374F /* ViewController.swift */ = {isa = PBXFileReference; lastKnownFileType = sourcecode.swift; path = ViewController.swift; sourceTree = "<group>"; };
		CA6CEE2220FB8B3100C4374F /* Base */ = {isa = PBXFileReference; lastKnownFileType = file.storyboard; name = Base; path = Base.lproj/Main.storyboard; sourceTree = "<group>"; };
		CA6CEE2420FB8B3400C4374F /* Assets.xcassets */ = {isa = PBXFileReference; lastKnownFileType = folder.assetcatalog; path = Assets.xcassets; sourceTree = "<group>"; };
		CA6CEE2720FB8B3400C4374F /* Base */ = {isa = PBXFileReference; lastKnownFileType = file.storyboard; name = Base; path = Base.lproj/LaunchScreen.storyboard; sourceTree = "<group>"; };
		CA6CEE2920FB8B3400C4374F /* Info.plist */ = {isa = PBXFileReference; lastKnownFileType = text.plist.xml; path = Info.plist; sourceTree = "<group>"; };
		CA6CEE2F20FB8F0400C4374F /* ScalaView.swift */ = {isa = PBXFileReference; lastKnownFileType = sourcecode.swift; path = ScalaView.swift; sourceTree = "<group>"; };
		CA6CEE6020FBC80200C4374F /* scale120.png */ = {isa = PBXFileReference; lastKnownFileType = image.png; path = scale120.png; sourceTree = "<group>"; };
		CA6CEE6120FBC80200C4374F /* scale180.png */ = {isa = PBXFileReference; lastKnownFileType = image.png; path = scale180.png; sourceTree = "<group>"; };
		CA6CEE6420FBC91A00C4374F /* scale152.png */ = {isa = PBXFileReference; lastKnownFileType = image.png; path = scale152.png; sourceTree = "<group>"; };
		CA6CEE6520FBC91A00C4374F /* scale167.png */ = {isa = PBXFileReference; lastKnownFileType = image.png; path = scale167.png; sourceTree = "<group>"; };
		CA6CEE6820FBC92100C4374F /* scale80.png */ = {isa = PBXFileReference; lastKnownFileType = image.png; path = scale80.png; sourceTree = "<group>"; };
		CA6CEE6920FBC92100C4374F /* scale87.png */ = {isa = PBXFileReference; lastKnownFileType = image.png; path = scale87.png; sourceTree = "<group>"; };
		CA6CEE6A20FBC92100C4374F /* scale76.png */ = {isa = PBXFileReference; lastKnownFileType = image.png; path = scale76.png; sourceTree = "<group>"; };
		CA6CEE6B20FBC92100C4374F /* scale40.png */ = {isa = PBXFileReference; lastKnownFileType = image.png; path = scale40.png; sourceTree = "<group>"; };
		CA6CEE6C20FBC92200C4374F /* scale58.png */ = {isa = PBXFileReference; lastKnownFileType = image.png; path = scale58.png; sourceTree = "<group>"; };
/* End PBXFileReference section */

/* Begin PBXFrameworksBuildPhase section */
		CA6CEE1720FB8B3100C4374F /* Frameworks */ = {
			isa = PBXFrameworksBuildPhase;
			buildActionMask = 2147483647;
			files = (
			);
			runOnlyForDeploymentPostprocessing = 0;
		};
/* End PBXFrameworksBuildPhase section */

/* Begin PBXGroup section */
		CA6CEE1120FB8B3100C4374F = {
			isa = PBXGroup;
			children = (
				CA6CEE1C20FB8B3100C4374F /* Libra */,
				CA6CEE1B20FB8B3100C4374F /* Products */,
			);
			sourceTree = "<group>";
		};
		CA6CEE1B20FB8B3100C4374F /* Products */ = {
			isa = PBXGroup;
			children = (
				CA6CEE1A20FB8B3100C4374F /* Libra.app */,
			);
			name = Products;
			sourceTree = "<group>";
		};
		CA6CEE1C20FB8B3100C4374F /* Libra */ = {
			isa = PBXGroup;
			children = (
				CA6CEE3120FBBB4C00C4374F /* Icon */,
				CA6CEE1D20FB8B3100C4374F /* AppDelegate.swift */,
				CA6CEE1F20FB8B3100C4374F /* ViewController.swift */,
				CA6CEE2120FB8B3100C4374F /* Main.storyboard */,
				CA6CEE2F20FB8F0400C4374F /* ScalaView.swift */,
				CA6CEE2420FB8B3400C4374F /* Assets.xcassets */,
				CA6CEE2620FB8B3400C4374F /* LaunchScreen.storyboard */,
				CA6CEE2920FB8B3400C4374F /* Info.plist */,
			);
			path = Libra;
			sourceTree = "<group>";
		};
		CA6CEE3120FBBB4C00C4374F /* Icon */ = {
			isa = PBXGroup;
			children = (
				CA6CEE6020FBC80200C4374F /* scale120.png */,
				CA6CEE6420FBC91A00C4374F /* scale152.png */,
				CA6CEE6520FBC91A00C4374F /* scale167.png */,
				CA6CEE6B20FBC92100C4374F /* scale40.png */,
				CA6CEE6C20FBC92200C4374F /* scale58.png */,
				CA6CEE6A20FBC92100C4374F /* scale76.png */,
				CA6CEE6820FBC92100C4374F /* scale80.png */,
				CA6CEE6920FBC92100C4374F /* scale87.png */,
				CA6CEE6120FBC80200C4374F /* scale180.png */,
			);
			path = Icon;
			sourceTree = "<group>";
		};
/* End PBXGroup section */

/* Begin PBXNativeTarget section */
		CA6CEE1920FB8B3100C4374F /* Libra */ = {
			isa = PBXNativeTarget;
			buildConfigurationList = CA6CEE2C20FB8B3400C4374F /* Build configuration list for PBXNativeTarget "Libra" */;
			buildPhases = (
				CA6CEE1620FB8B3100C4374F /* Sources */,
				CA6CEE1720FB8B3100C4374F /* Frameworks */,
				CA6CEE1820FB8B3100C4374F /* Resources */,
			);
			buildRules = (
			);
			dependencies = (
			);
			name = Libra;
			productName = Libra;
			productReference = CA6CEE1A20FB8B3100C4374F /* Libra.app */;
			productType = "com.apple.product-type.application";
		};
/* End PBXNativeTarget section */

/* Begin PBXProject section */
		CA6CEE1220FB8B3100C4374F /* Project object */ = {
			isa = PBXProject;
			attributes = {
				LastSwiftUpdateCheck = 0940;
				LastUpgradeCheck = 0940;
				ORGANIZATIONNAME = "Anton Rubenchik";
				TargetAttributes = {
					CA6CEE1920FB8B3100C4374F = {
						CreatedOnToolsVersion = 9.4.1;
					};
				};
			};
			buildConfigurationList = CA6CEE1520FB8B3100C4374F /* Build configuration list for PBXProject "Libra" */;
			compatibilityVersion = "Xcode 9.3";
			developmentRegion = en;
			hasScannedForEncodings = 0;
			knownRegions = (
				en,
				Base,
			);
			mainGroup = CA6CEE1120FB8B3100C4374F;
			productRefGroup = CA6CEE1B20FB8B3100C4374F /* Products */;
			projectDirPath = "";
			projectRoot = "";
			targets = (
				CA6CEE1920FB8B3100C4374F /* Libra */,
			);
		};
/* End PBXProject section */

/* Begin PBXResourcesBuildPhase section */
		CA6CEE1820FB8B3100C4374F /* Resources */ = {
			isa = PBXResourcesBuildPhase;
			buildActionMask = 2147483647;
			files = (
				CA6CEE7020FBC92200C4374F /* scale40.png in Resources */,
				CA6CEE2820FB8B3400C4374F /* LaunchScreen.storyboard in Resources */,
				CA6CEE2520FB8B3400C4374F /* Assets.xcassets in Resources */,
				CA6CEE6220FBC80200C4374F /* scale120.png in Resources */,
				CA6CEE6F20FBC92200C4374F /* scale76.png in Resources */,
				CA6CEE2320FB8B3100C4374F /* Main.storyboard in Resources */,
				CA6CEE6E20FBC92200C4374F /* scale87.png in Resources */,
				CA6CEE7120FBC92200C4374F /* scale58.png in Resources */,
				CA6CEE6720FBC91A00C4374F /* scale167.png in Resources */,
				CA6CEE6320FBC80200C4374F /* scale180.png in Resources */,
				CA6CEE6D20FBC92200C4374F /* scale80.png in Resources */,
				CA6CEE6620FBC91A00C4374F /* scale152.png in Resources */,
			);
			runOnlyForDeploymentPostprocessing = 0;
		};
/* End PBXResourcesBuildPhase section */

/* Begin PBXSourcesBuildPhase section */
		CA6CEE1620FB8B3100C4374F /* Sources */ = {
			isa = PBXSourcesBuildPhase;
			buildActionMask = 2147483647;
			files = (
				CA6CEE3020FB8F0400C4374F /* ScalaView.swift in Sources */,
				CA6CEE2020FB8B3100C4374F /* ViewController.swift in Sources */,
				CA6CEE1E20FB8B3100C4374F /* AppDelegate.swift in Sources */,
			);
			runOnlyForDeploymentPostprocessing = 0;
		};
/* End PBXSourcesBuildPhase section */

/* Begin PBXVariantGroup section */
		CA6CEE2120FB8B3100C4374F /* Main.storyboard */ = {
			isa = PBXVariantGroup;
			children = (
				CA6CEE2220FB8B3100C4374F /* Base */,
			);
			name = Main.storyboard;
			sourceTree = "<group>";
		};
		CA6CEE2620FB8B3400C4374F /* LaunchScreen.storyboard */ = {
			isa = PBXVariantGroup;
			children = (
				CA6CEE2720FB8B3400C4374F /* Base */,
			);
			name = LaunchScreen.storyboard;
			sourceTree = "<group>";
		};
/* End PBXVariantGroup section */

/* Begin XCBuildConfiguration section */
		CA6CEE2A20FB8B3400C4374F /* Debug */ = {
			isa = XCBuildConfiguration;
			buildSettings = {
				ALWAYS_SEARCH_USER_PATHS = NO;
				CLANG_ANALYZER_NONNULL = YES;
				CLANG_ANALYZER_NUMBER_OBJECT_CONVERSION = YES_AGGRESSIVE;
				CLANG_CXX_LANGUAGE_STANDARD = "gnu++14";
				CLANG_CXX_LIBRARY = "libc++";
				CLANG_ENABLE_MODULES = YES;
				CLANG_ENABLE_OBJC_ARC = YES;
				CLANG_ENABLE_OBJC_WEAK = YES;
				CLANG_WARN_BLOCK_CAPTURE_AUTORELEASING = YES;
				CLANG_WARN_BOOL_CONVERSION = YES;
				CLANG_WARN_COMMA = YES;
				CLANG_WARN_CONSTANT_CONVERSION = YES;
				CLANG_WARN_DEPRECATED_OBJC_IMPLEMENTATIONS = YES;
				CLANG_WARN_DIRECT_OBJC_ISA_USAGE = YES_ERROR;
				CLANG_WARN_DOCUMENTATION_COMMENTS = YES;
				CLANG_WARN_EMPTY_BODY = YES;
				CLANG_WARN_ENUM_CONVERSION = YES;
				CLANG_WARN_INFINITE_RECURSION = YES;
				CLANG_WARN_INT_CONVERSION = YES;
				CLANG_WARN_NON_LITERAL_NULL_CONVERSION = YES;
				CLANG_WARN_OBJC_IMPLICIT_RETAIN_SELF = YES;
				CLANG_WARN_OBJC_LITERAL_CONVERSION = YES;
				CLANG_WARN_OBJC_ROOT_CLASS = YES_ERROR;
				CLANG_WARN_RANGE_LOOP_ANALYSIS = YES;
				CLANG_WARN_STRICT_PROTOTYPES = YES;
				CLANG_WARN_SUSPICIOUS_MOVE = YES;
				CLANG_WARN_UNGUARDED_AVAILABILITY = YES_AGGRESSIVE;
				CLANG_WARN_UNREACHABLE_CODE = YES;
				CLANG_WARN__DUPLICATE_METHOD_MATCH = YES;
				CODE_SIGN_IDENTITY = "iPhone Developer";
				COPY_PHASE_STRIP = NO;
				DEBUG_INFORMATION_FORMAT = dwarf;
				ENABLE_STRICT_OBJC_MSGSEND = YES;
				ENABLE_TESTABILITY = YES;
				GCC_C_LANGUAGE_STANDARD = gnu11;
				GCC_DYNAMIC_NO_PIC = NO;
				GCC_NO_COMMON_BLOCKS = YES;
				GCC_OPTIMIZATION_LEVEL = 0;
				GCC_PREPROCESSOR_DEFINITIONS = (
					"DEBUG=1",
					"$(inherited)",
				);
				GCC_WARN_64_TO_32_BIT_CONVERSION = YES;
				GCC_WARN_ABOUT_RETURN_TYPE = YES_ERROR;
				GCC_WARN_UNDECLARED_SELECTOR = YES;
				GCC_WARN_UNINITIALIZED_AUTOS = YES_AGGRESSIVE;
				GCC_WARN_UNUSED_FUNCTION = YES;
				GCC_WARN_UNUSED_VARIABLE = YES;
				IPHONEOS_DEPLOYMENT_TARGET = 11.4;
				MTL_ENABLE_DEBUG_INFO = YES;
				ONLY_ACTIVE_ARCH = YES;
				SDKROOT = iphoneos;
				SWIFT_ACTIVE_COMPILATION_CONDITIONS = DEBUG;
				SWIFT_OPTIMIZATION_LEVEL = "-Onone";
			};
			name = Debug;
		};
		CA6CEE2B20FB8B3400C4374F /* Release */ = {
			isa = XCBuildConfiguration;
			buildSettings = {
				ALWAYS_SEARCH_USER_PATHS = NO;
				CLANG_ANALYZER_NONNULL = YES;
				CLANG_ANALYZER_NUMBER_OBJECT_CONVERSION = YES_AGGRESSIVE;
				CLANG_CXX_LANGUAGE_STANDARD = "gnu++14";
				CLANG_CXX_LIBRARY = "libc++";
				CLANG_ENABLE_MODULES = YES;
				CLANG_ENABLE_OBJC_ARC = YES;
				CLANG_ENABLE_OBJC_WEAK = YES;
				CLANG_WARN_BLOCK_CAPTURE_AUTORELEASING = YES;
				CLANG_WARN_BOOL_CONVERSION = YES;
				CLANG_WARN_COMMA = YES;
				CLANG_WARN_CONSTANT_CONVERSION = YES;
				CLANG_WARN_DEPRECATED_OBJC_IMPLEMENTATIONS = YES;
				CLANG_WARN_DIRECT_OBJC_ISA_USAGE = YES_ERROR;
				CLANG_WARN_DOCUMENTATION_COMMENTS = YES;
				CLANG_WARN_EMPTY_BODY = YES;
				CLANG_WARN_ENUM_CONVERSION = YES;
				CLANG_WARN_INFINITE_RECURSION = YES;
				CLANG_WARN_INT_CONVERSION = YES;
				CLANG_WARN_NON_LITERAL_NULL_CONVERSION = YES;
				CLANG_WARN_OBJC_IMPLICIT_RETAIN_SELF = YES;
				CLANG_WARN_OBJC_LITERAL_CONVERSION = YES;
				CLANG_WARN_OBJC_ROOT_CLASS = YES_ERROR;
				CLANG_WARN_RANGE_LOOP_ANALYSIS = YES;
				CLANG_WARN_STRICT_PROTOTYPES = YES;
				CLANG_WARN_SUSPICIOUS_MOVE = YES;
				CLANG_WARN_UNGUARDED_AVAILABILITY = YES_AGGRESSIVE;
				CLANG_WARN_UNREACHABLE_CODE = YES;
				CLANG_WARN__DUPLICATE_METHOD_MATCH = YES;
				CODE_SIGN_IDENTITY = "iPhone Developer";
				COPY_PHASE_STRIP = NO;
				DEBUG_INFORMATION_FORMAT = "dwarf-with-dsym";
				ENABLE_NS_ASSERTIONS = NO;
				ENABLE_STRICT_OBJC_MSGSEND = YES;
				GCC_C_LANGUAGE_STANDARD = gnu11;
				GCC_NO_COMMON_BLOCKS = YES;
				GCC_WARN_64_TO_32_BIT_CONVERSION = YES;
				GCC_WARN_ABOUT_RETURN_TYPE = YES_ERROR;
				GCC_WARN_UNDECLARED_SELECTOR = YES;
				GCC_WARN_UNINITIALIZED_AUTOS = YES_AGGRESSIVE;
				GCC_WARN_UNUSED_FUNCTION = YES;
				GCC_WARN_UNUSED_VARIABLE = YES;
				IPHONEOS_DEPLOYMENT_TARGET = 11.4;
				MTL_ENABLE_DEBUG_INFO = NO;
				SDKROOT = iphoneos;
				SWIFT_COMPILATION_MODE = wholemodule;
				SWIFT_OPTIMIZATION_LEVEL = "-O";
				VALIDATE_PRODUCT = YES;
			};
			name = Release;
		};
		CA6CEE2D20FB8B3400C4374F /* Debug */ = {
			isa = XCBuildConfiguration;
			buildSettings = {
				ASSETCATALOG_COMPILER_APPICON_NAME = AppIcon;
				CODE_SIGN_STYLE = Automatic;
				DEVELOPMENT_TEAM = L3BD88N55V;
				INFOPLIST_FILE = Libra/Info.plist;
				LD_RUNPATH_SEARCH_PATHS = (
					"$(inherited)",
					"@executable_path/Frameworks",
				);
				PRODUCT_BUNDLE_IDENTIFIER = com.rubenchick.Libra;
				PRODUCT_NAME = "$(TARGET_NAME)";
				SWIFT_VERSION = 4.0;
				TARGETED_DEVICE_FAMILY = 1;
			};
			name = Debug;
		};
		CA6CEE2E20FB8B3400C4374F /* Release */ = {
			isa = XCBuildConfiguration;
			buildSettings = {
				ASSETCATALOG_COMPILER_APPICON_NAME = AppIcon;
				CODE_SIGN_STYLE = Automatic;
				DEVELOPMENT_TEAM = L3BD88N55V;
				INFOPLIST_FILE = Libra/Info.plist;
				LD_RUNPATH_SEARCH_PATHS = (
					"$(inherited)",
					"@executable_path/Frameworks",
				);
				PRODUCT_BUNDLE_IDENTIFIER = com.rubenchick.Libra;
				PRODUCT_NAME = "$(TARGET_NAME)";
				SWIFT_VERSION = 4.0;
				TARGETED_DEVICE_FAMILY = 1;
			};
			name = Release;
		};
/* End XCBuildConfiguration section */

/* Begin XCConfigurationList section */
		CA6CEE1520FB8B3100C4374F /* Build configuration list for PBXProject "Libra" */ = {
			isa = XCConfigurationList;
			buildConfigurations = (
				CA6CEE2A20FB8B3400C4374F /* Debug */,
				CA6CEE2B20FB8B3400C4374F /* Release */,
			);
			defaultConfigurationIsVisible = 0;
			defaultConfigurationName = Release;
		};
		CA6CEE2C20FB8B3400C4374F /* Build configuration list for PBXNativeTarget "Libra" */ = {
			isa = XCConfigurationList;
			buildConfigurations = (
				CA6CEE2D20FB8B3400C4374F /* Debug */,
				CA6CEE2E20FB8B3400C4374F /* Release */,
			);
			defaultConfigurationIsVisible = 0;
			defaultConfigurationName = Release;
		};
/* End XCConfigurationList section */
	};
	rootObject = CA6CEE1220FB8B3100C4374F /* Project object */;
}
