// !$*UTF8*$!
{
	archiveVersion = 1;
	classes = {
	};
	objectVersion = 50;
	objects = {

/* Begin PBXBuildFile section */
		CA0E75C021E512CC00ACBF83 /* AppDelegate.swift in Sources */ = {isa = PBXBuildFile; fileRef = CA0E75BF21E512CC00ACBF83 /* AppDelegate.swift */; };
		CA0E75C221E512CC00ACBF83 /* ViewController.swift in Sources */ = {isa = PBXBuildFile; fileRef = CA0E75C121E512CC00ACBF83 /* ViewController.swift */; };
		CA0E75C521E512CC00ACBF83 /* Main.storyboard in Resources */ = {isa = PBXBuildFile; fileRef = CA0E75C321E512CC00ACBF83 /* Main.storyboard */; };
		CA0E75C821E512CC00ACBF83 /* Test_Help_Info.xcdatamodeld in Sources */ = {isa = PBXBuildFile; fileRef = CA0E75C621E512CC00ACBF83 /* Test_Help_Info.xcdatamodeld */; };
		CA0E75CA21E512CE00ACBF83 /* Assets.xcassets in Resources */ = {isa = PBXBuildFile; fileRef = CA0E75C921E512CE00ACBF83 /* Assets.xcassets */; };
		CA0E75CD21E512CE00ACBF83 /* LaunchScreen.storyboard in Resources */ = {isa = PBXBuildFile; fileRef = CA0E75CB21E512CE00ACBF83 /* LaunchScreen.storyboard */; };
		CA37243C21F5F87F00626982 /* ScrollViewController.swift in Sources */ = {isa = PBXBuildFile; fileRef = CA37243B21F5F87F00626982 /* ScrollViewController.swift */; };
		CAA93FCA21F1E76900A0937D /* NotificationViewController.swift in Sources */ = {isa = PBXBuildFile; fileRef = CAA93FC921F1E76900A0937D /* NotificationViewController.swift */; };
		CAA93FCC21F1E8BF00A0937D /* icon1024.png in Resources */ = {isa = PBXBuildFile; fileRef = CAA93FCB21F1E8BE00A0937D /* icon1024.png */; };
		CAD498B721E9DD9000BEF738 /* InfoPlist.strings in Resources */ = {isa = PBXBuildFile; fileRef = CAD498B521E9DD9000BEF738 /* InfoPlist.strings */; };
		CAD498BA21E9DD9000BEF738 /* Localizable.strings in Resources */ = {isa = PBXBuildFile; fileRef = CAD498B821E9DD9000BEF738 /* Localizable.strings */; };
/* End PBXBuildFile section */

/* Begin PBXFileReference section */
		CA0E75BC21E512CC00ACBF83 /* Test Help Info.app */ = {isa = PBXFileReference; explicitFileType = wrapper.application; includeInIndex = 0; path = "Test Help Info.app"; sourceTree = BUILT_PRODUCTS_DIR; };
		CA0E75BF21E512CC00ACBF83 /* AppDelegate.swift */ = {isa = PBXFileReference; lastKnownFileType = sourcecode.swift; path = AppDelegate.swift; sourceTree = "<group>"; };
		CA0E75C121E512CC00ACBF83 /* ViewController.swift */ = {isa = PBXFileReference; lastKnownFileType = sourcecode.swift; path = ViewController.swift; sourceTree = "<group>"; };
		CA0E75C421E512CC00ACBF83 /* Base */ = {isa = PBXFileReference; lastKnownFileType = file.storyboard; name = Base; path = Base.lproj/Main.storyboard; sourceTree = "<group>"; };
		CA0E75C721E512CC00ACBF83 /* Test_Help_Info.xcdatamodel */ = {isa = PBXFileReference; lastKnownFileType = wrapper.xcdatamodel; path = Test_Help_Info.xcdatamodel; sourceTree = "<group>"; };
		CA0E75C921E512CE00ACBF83 /* Assets.xcassets */ = {isa = PBXFileReference; lastKnownFileType = folder.assetcatalog; path = Assets.xcassets; sourceTree = "<group>"; };
		CA0E75CC21E512CE00ACBF83 /* Base */ = {isa = PBXFileReference; lastKnownFileType = file.storyboard; name = Base; path = Base.lproj/LaunchScreen.storyboard; sourceTree = "<group>"; };
		CA0E75CE21E512CE00ACBF83 /* Info.plist */ = {isa = PBXFileReference; lastKnownFileType = text.plist.xml; path = Info.plist; sourceTree = "<group>"; };
		CA37243B21F5F87F00626982 /* ScrollViewController.swift */ = {isa = PBXFileReference; lastKnownFileType = sourcecode.swift; path = ScrollViewController.swift; sourceTree = "<group>"; };
		CAA93FC921F1E76900A0937D /* NotificationViewController.swift */ = {isa = PBXFileReference; lastKnownFileType = sourcecode.swift; path = NotificationViewController.swift; sourceTree = "<group>"; };
		CAA93FCB21F1E8BE00A0937D /* icon1024.png */ = {isa = PBXFileReference; lastKnownFileType = image.png; path = icon1024.png; sourceTree = "<group>"; };
		CAD498B421E9D66300BEF738 /* ru */ = {isa = PBXFileReference; lastKnownFileType = text.plist.strings; name = ru; path = ru.lproj/Main.strings; sourceTree = "<group>"; };
		CAD498B621E9DD9000BEF738 /* ru */ = {isa = PBXFileReference; lastKnownFileType = text.plist.strings; name = ru; path = ru.lproj/InfoPlist.strings; sourceTree = "<group>"; };
		CAD498B921E9DD9000BEF738 /* ru */ = {isa = PBXFileReference; lastKnownFileType = text.plist.strings; name = ru; path = ru.lproj/Localizable.strings; sourceTree = "<group>"; };
/* End PBXFileReference section */

/* Begin PBXFrameworksBuildPhase section */
		CA0E75B921E512CC00ACBF83 /* Frameworks */ = {
			isa = PBXFrameworksBuildPhase;
			buildActionMask = 2147483647;
			files = (
			);
			runOnlyForDeploymentPostprocessing = 0;
		};
/* End PBXFrameworksBuildPhase section */

/* Begin PBXGroup section */
		CA0E75B321E512CC00ACBF83 = {
			isa = PBXGroup;
			children = (
				CAA93FCB21F1E8BE00A0937D /* icon1024.png */,
				CA0E75BE21E512CC00ACBF83 /* Test Help Info */,
				CA0E75BD21E512CC00ACBF83 /* Products */,
			);
			sourceTree = "<group>";
		};
		CA0E75BD21E512CC00ACBF83 /* Products */ = {
			isa = PBXGroup;
			children = (
				CA0E75BC21E512CC00ACBF83 /* Test Help Info.app */,
			);
			name = Products;
			sourceTree = "<group>";
		};
		CA0E75BE21E512CC00ACBF83 /* Test Help Info */ = {
			isa = PBXGroup;
			children = (
				CA0E75BF21E512CC00ACBF83 /* AppDelegate.swift */,
				CA0E75C121E512CC00ACBF83 /* ViewController.swift */,
				CAA93FC921F1E76900A0937D /* NotificationViewController.swift */,
				CA37243B21F5F87F00626982 /* ScrollViewController.swift */,
				CA0E75C321E512CC00ACBF83 /* Main.storyboard */,
				CA0E75C921E512CE00ACBF83 /* Assets.xcassets */,
				CA0E75CB21E512CE00ACBF83 /* LaunchScreen.storyboard */,
				CA0E75CE21E512CE00ACBF83 /* Info.plist */,
				CAD498B821E9DD9000BEF738 /* Localizable.strings */,
				CAD498B521E9DD9000BEF738 /* InfoPlist.strings */,
				CA0E75C621E512CC00ACBF83 /* Test_Help_Info.xcdatamodeld */,
			);
			path = "Test Help Info";
			sourceTree = "<group>";
		};
/* End PBXGroup section */

/* Begin PBXNativeTarget section */
		CA0E75BB21E512CC00ACBF83 /* Test Help Info */ = {
			isa = PBXNativeTarget;
			buildConfigurationList = CA0E75D121E512CE00ACBF83 /* Build configuration list for PBXNativeTarget "Test Help Info" */;
			buildPhases = (
				CA0E75B821E512CC00ACBF83 /* Sources */,
				CA0E75B921E512CC00ACBF83 /* Frameworks */,
				CA0E75BA21E512CC00ACBF83 /* Resources */,
			);
			buildRules = (
			);
			dependencies = (
			);
			name = "Test Help Info";
			productName = "Test Help Info";
			productReference = CA0E75BC21E512CC00ACBF83 /* Test Help Info.app */;
			productType = "com.apple.product-type.application";
		};
/* End PBXNativeTarget section */

/* Begin PBXProject section */
		CA0E75B421E512CC00ACBF83 /* Project object */ = {
			isa = PBXProject;
			attributes = {
				LastSwiftUpdateCheck = 1010;
				LastUpgradeCheck = 1010;
				ORGANIZATIONNAME = "Anton Rubenchik";
				TargetAttributes = {
					CA0E75BB21E512CC00ACBF83 = {
						CreatedOnToolsVersion = 10.1;
					};
				};
			};
			buildConfigurationList = CA0E75B721E512CC00ACBF83 /* Build configuration list for PBXProject "Test Help Info" */;
			compatibilityVersion = "Xcode 9.3";
			developmentRegion = en;
			hasScannedForEncodings = 0;
			knownRegions = (
				en,
				Base,
				ru,
			);
			mainGroup = CA0E75B321E512CC00ACBF83;
			productRefGroup = CA0E75BD21E512CC00ACBF83 /* Products */;
			projectDirPath = "";
			projectRoot = "";
			targets = (
				CA0E75BB21E512CC00ACBF83 /* Test Help Info */,
			);
		};
/* End PBXProject section */

/* Begin PBXResourcesBuildPhase section */
		CA0E75BA21E512CC00ACBF83 /* Resources */ = {
			isa = PBXResourcesBuildPhase;
			buildActionMask = 2147483647;
			files = (
				CAD498BA21E9DD9000BEF738 /* Localizable.strings in Resources */,
				CAA93FCC21F1E8BF00A0937D /* icon1024.png in Resources */,
				CA0E75CD21E512CE00ACBF83 /* LaunchScreen.storyboard in Resources */,
				CAD498B721E9DD9000BEF738 /* InfoPlist.strings in Resources */,
				CA0E75CA21E512CE00ACBF83 /* Assets.xcassets in Resources */,
				CA0E75C521E512CC00ACBF83 /* Main.storyboard in Resources */,
			);
			runOnlyForDeploymentPostprocessing = 0;
		};
/* End PBXResourcesBuildPhase section */

/* Begin PBXSourcesBuildPhase section */
		CA0E75B821E512CC00ACBF83 /* Sources */ = {
			isa = PBXSourcesBuildPhase;
			buildActionMask = 2147483647;
			files = (
				CA0E75C221E512CC00ACBF83 /* ViewController.swift in Sources */,
				CA0E75C021E512CC00ACBF83 /* AppDelegate.swift in Sources */,
				CA37243C21F5F87F00626982 /* ScrollViewController.swift in Sources */,
				CAA93FCA21F1E76900A0937D /* NotificationViewController.swift in Sources */,
				CA0E75C821E512CC00ACBF83 /* Test_Help_Info.xcdatamodeld in Sources */,
			);
			runOnlyForDeploymentPostprocessing = 0;
		};
/* End PBXSourcesBuildPhase section */

/* Begin PBXVariantGroup section */
		CA0E75C321E512CC00ACBF83 /* Main.storyboard */ = {
			isa = PBXVariantGroup;
			children = (
				CA0E75C421E512CC00ACBF83 /* Base */,
				CAD498B421E9D66300BEF738 /* ru */,
			);
			name = Main.storyboard;
			sourceTree = "<group>";
		};
		CA0E75CB21E512CE00ACBF83 /* LaunchScreen.storyboard */ = {
			isa = PBXVariantGroup;
			children = (
				CA0E75CC21E512CE00ACBF83 /* Base */,
			);
			name = LaunchScreen.storyboard;
			sourceTree = "<group>";
		};
		CAD498B521E9DD9000BEF738 /* InfoPlist.strings */ = {
			isa = PBXVariantGroup;
			children = (
				CAD498B621E9DD9000BEF738 /* ru */,
			);
			name = InfoPlist.strings;
			sourceTree = "<group>";
		};
		CAD498B821E9DD9000BEF738 /* Localizable.strings */ = {
			isa = PBXVariantGroup;
			children = (
				CAD498B921E9DD9000BEF738 /* ru */,
			);
			name = Localizable.strings;
			sourceTree = "<group>";
		};
/* End PBXVariantGroup section */

/* Begin XCBuildConfiguration section */
		CA0E75CF21E512CE00ACBF83 /* Debug */ = {
			isa = XCBuildConfiguration;
			buildSettings = {
				ALWAYS_SEARCH_USER_PATHS = NO;
				CLANG_ANALYZER_LOCALIZABILITY_NONLOCALIZED = YES;
				CLANG_ANALYZER_NONNULL = YES;
				CLANG_ANALYZER_NUMBER_OBJECT_CONVERSION = YES_AGGRESSIVE;
				CLANG_CXX_LANGUAGE_STANDARD = "gnu++14";
				CLANG_CXX_LIBRARY = "libc++";
				CLANG_ENABLE_MODULES = YES;
				CLANG_ENABLE_OBJC_ARC = YES;
				CLANG_ENABLE_OBJC_WEAK = YES;
				CLANG_WARN_BLOCK_CAPTURE_AUTORELEASING = YES;
				CLANG_WARN_BOOL_CONVERSION = YES;
				CLANG_WARN_COMMA = YES;
				CLANG_WARN_CONSTANT_CONVERSION = YES;
				CLANG_WARN_DEPRECATED_OBJC_IMPLEMENTATIONS = YES;
				CLANG_WARN_DIRECT_OBJC_ISA_USAGE = YES_ERROR;
				CLANG_WARN_DOCUMENTATION_COMMENTS = YES;
				CLANG_WARN_EMPTY_BODY = YES;
				CLANG_WARN_ENUM_CONVERSION = YES;
				CLANG_WARN_INFINITE_RECURSION = YES;
				CLANG_WARN_INT_CONVERSION = YES;
				CLANG_WARN_NON_LITERAL_NULL_CONVERSION = YES;
				CLANG_WARN_OBJC_IMPLICIT_RETAIN_SELF = YES;
				CLANG_WARN_OBJC_LITERAL_CONVERSION = YES;
				CLANG_WARN_OBJC_ROOT_CLASS = YES_ERROR;
				CLANG_WARN_RANGE_LOOP_ANALYSIS = YES;
				CLANG_WARN_STRICT_PROTOTYPES = YES;
				CLANG_WARN_SUSPICIOUS_MOVE = YES;
				CLANG_WARN_UNGUARDED_AVAILABILITY = YES_AGGRESSIVE;
				CLANG_WARN_UNREACHABLE_CODE = YES;
				CLANG_WARN__DUPLICATE_METHOD_MATCH = YES;
				CODE_SIGN_IDENTITY = "iPhone Developer";
				COPY_PHASE_STRIP = NO;
				DEBUG_INFORMATION_FORMAT = dwarf;
				ENABLE_STRICT_OBJC_MSGSEND = YES;
				ENABLE_TESTABILITY = YES;
				GCC_C_LANGUAGE_STANDARD = gnu11;
				GCC_DYNAMIC_NO_PIC = NO;
				GCC_NO_COMMON_BLOCKS = YES;
				GCC_OPTIMIZATION_LEVEL = 0;
				GCC_PREPROCESSOR_DEFINITIONS = (
					"DEBUG=1",
					"$(inherited)",
				);
				GCC_WARN_64_TO_32_BIT_CONVERSION = YES;
				GCC_WARN_ABOUT_RETURN_TYPE = YES_ERROR;
				GCC_WARN_UNDECLARED_SELECTOR = YES;
				GCC_WARN_UNINITIALIZED_AUTOS = YES_AGGRESSIVE;
				GCC_WARN_UNUSED_FUNCTION = YES;
				GCC_WARN_UNUSED_VARIABLE = YES;
				IPHONEOS_DEPLOYMENT_TARGET = 10.0;
				MTL_ENABLE_DEBUG_INFO = INCLUDE_SOURCE;
				MTL_FAST_MATH = YES;
				ONLY_ACTIVE_ARCH = YES;
				SDKROOT = iphoneos;
				SWIFT_ACTIVE_COMPILATION_CONDITIONS = DEBUG;
				SWIFT_OPTIMIZATION_LEVEL = "-Onone";
			};
			name = Debug;
		};
		CA0E75D021E512CE00ACBF83 /* Release */ = {
			isa = XCBuildConfiguration;
			buildSettings = {
				ALWAYS_SEARCH_USER_PATHS = NO;
				CLANG_ANALYZER_LOCALIZABILITY_NONLOCALIZED = YES;
				CLANG_ANALYZER_NONNULL = YES;
				CLANG_ANALYZER_NUMBER_OBJECT_CONVERSION = YES_AGGRESSIVE;
				CLANG_CXX_LANGUAGE_STANDARD = "gnu++14";
				CLANG_CXX_LIBRARY = "libc++";
				CLANG_ENABLE_MODULES = YES;
				CLANG_ENABLE_OBJC_ARC = YES;
				CLANG_ENABLE_OBJC_WEAK = YES;
				CLANG_WARN_BLOCK_CAPTURE_AUTORELEASING = YES;
				CLANG_WARN_BOOL_CONVERSION = YES;
				CLANG_WARN_COMMA = YES;
				CLANG_WARN_CONSTANT_CONVERSION = YES;
				CLANG_WARN_DEPRECATED_OBJC_IMPLEMENTATIONS = YES;
				CLANG_WARN_DIRECT_OBJC_ISA_USAGE = YES_ERROR;
				CLANG_WARN_DOCUMENTATION_COMMENTS = YES;
				CLANG_WARN_EMPTY_BODY = YES;
				CLANG_WARN_ENUM_CONVERSION = YES;
				CLANG_WARN_INFINITE_RECURSION = YES;
				CLANG_WARN_INT_CONVERSION = YES;
				CLANG_WARN_NON_LITERAL_NULL_CONVERSION = YES;
				CLANG_WARN_OBJC_IMPLICIT_RETAIN_SELF = YES;
				CLANG_WARN_OBJC_LITERAL_CONVERSION = YES;
				CLANG_WARN_OBJC_ROOT_CLASS = YES_ERROR;
				CLANG_WARN_RANGE_LOOP_ANALYSIS = YES;
				CLANG_WARN_STRICT_PROTOTYPES = YES;
				CLANG_WARN_SUSPICIOUS_MOVE = YES;
				CLANG_WARN_UNGUARDED_AVAILABILITY = YES_AGGRESSIVE;
				CLANG_WARN_UNREACHABLE_CODE = YES;
				CLANG_WARN__DUPLICATE_METHOD_MATCH = YES;
				CODE_SIGN_IDENTITY = "iPhone Developer";
				COPY_PHASE_STRIP = NO;
				DEBUG_INFORMATION_FORMAT = "dwarf-with-dsym";
				ENABLE_NS_ASSERTIONS = NO;
				ENABLE_STRICT_OBJC_MSGSEND = YES;
				GCC_C_LANGUAGE_STANDARD = gnu11;
				GCC_NO_COMMON_BLOCKS = YES;
				GCC_WARN_64_TO_32_BIT_CONVERSION = YES;
				GCC_WARN_ABOUT_RETURN_TYPE = YES_ERROR;
				GCC_WARN_UNDECLARED_SELECTOR = YES;
				GCC_WARN_UNINITIALIZED_AUTOS = YES_AGGRESSIVE;
				GCC_WARN_UNUSED_FUNCTION = YES;
				GCC_WARN_UNUSED_VARIABLE = YES;
				IPHONEOS_DEPLOYMENT_TARGET = 10.0;
				MTL_ENABLE_DEBUG_INFO = NO;
				MTL_FAST_MATH = YES;
				SDKROOT = iphoneos;
				SWIFT_COMPILATION_MODE = wholemodule;
				SWIFT_OPTIMIZATION_LEVEL = "-O";
				VALIDATE_PRODUCT = YES;
			};
			name = Release;
		};
		CA0E75D221E512CE00ACBF83 /* Debug */ = {
			isa = XCBuildConfiguration;
			buildSettings = {
				ASSETCATALOG_COMPILER_APPICON_NAME = AppIcon;
				CODE_SIGN_STYLE = Automatic;
				DEVELOPMENT_TEAM = L3BD88N55V;
				INFOPLIST_FILE = "Test Help Info/Info.plist";
				LD_RUNPATH_SEARCH_PATHS = (
					"$(inherited)",
					"@executable_path/Frameworks",
				);
				PRODUCT_BUNDLE_IDENTIFIER = "com.rubenchick.Test-Help-Info";
				PRODUCT_NAME = "$(TARGET_NAME)";
				SWIFT_VERSION = 4.2;
				TARGETED_DEVICE_FAMILY = "1,2";
			};
			name = Debug;
		};
		CA0E75D321E512CE00ACBF83 /* Release */ = {
			isa = XCBuildConfiguration;
			buildSettings = {
				ASSETCATALOG_COMPILER_APPICON_NAME = AppIcon;
				CODE_SIGN_STYLE = Automatic;
				DEVELOPMENT_TEAM = L3BD88N55V;
				INFOPLIST_FILE = "Test Help Info/Info.plist";
				LD_RUNPATH_SEARCH_PATHS = (
					"$(inherited)",
					"@executable_path/Frameworks",
				);
				PRODUCT_BUNDLE_IDENTIFIER = "com.rubenchick.Test-Help-Info";
				PRODUCT_NAME = "$(TARGET_NAME)";
				SWIFT_VERSION = 4.2;
				TARGETED_DEVICE_FAMILY = "1,2";
			};
			name = Release;
		};
/* End XCBuildConfiguration section */

/* Begin XCConfigurationList section */
		CA0E75B721E512CC00ACBF83 /* Build configuration list for PBXProject "Test Help Info" */ = {
			isa = XCConfigurationList;
			buildConfigurations = (
				CA0E75CF21E512CE00ACBF83 /* Debug */,
				CA0E75D021E512CE00ACBF83 /* Release */,
			);
			defaultConfigurationIsVisible = 0;
			defaultConfigurationName = Release;
		};
		CA0E75D121E512CE00ACBF83 /* Build configuration list for PBXNativeTarget "Test Help Info" */ = {
			isa = XCConfigurationList;
			buildConfigurations = (
				CA0E75D221E512CE00ACBF83 /* Debug */,
				CA0E75D321E512CE00ACBF83 /* Release */,
			);
			defaultConfigurationIsVisible = 0;
			defaultConfigurationName = Release;
		};
/* End XCConfigurationList section */

/* Begin XCVersionGroup section */
		CA0E75C621E512CC00ACBF83 /* Test_Help_Info.xcdatamodeld */ = {
			isa = XCVersionGroup;
			children = (
				CA0E75C721E512CC00ACBF83 /* Test_Help_Info.xcdatamodel */,
			);
			currentVersion = CA0E75C721E512CC00ACBF83 /* Test_Help_Info.xcdatamodel */;
			path = Test_Help_Info.xcdatamodeld;
			sourceTree = "<group>";
			versionGroupType = wrapper.xcdatamodel;
		};
/* End XCVersionGroup section */
	};
	rootObject = CA0E75B421E512CC00ACBF83 /* Project object */;
}
